// !$*UTF8*$!
{
	archiveVersion = 1;
	classes = {
	};
	objectVersion = 46;
	objects = {

/* Begin PBXBuildFile section */
		EB19D6D51AD8394800A06E9D /* addViewController.swift in Sources */ = {isa = PBXBuildFile; fileRef = EB19D6D41AD8394800A06E9D /* addViewController.swift */; };
		EB19D6D71AD83BD300A06E9D /* DataSource.swift in Sources */ = {isa = PBXBuildFile; fileRef = EB19D6D61AD83BD300A06E9D /* DataSource.swift */; };
		EBC671B31AD82FDE000F9CDD /* AppDelegate.swift in Sources */ = {isa = PBXBuildFile; fileRef = EBC671B21AD82FDE000F9CDD /* AppDelegate.swift */; };
		EBC671B51AD82FDE000F9CDD /* ViewController.swift in Sources */ = {isa = PBXBuildFile; fileRef = EBC671B41AD82FDE000F9CDD /* ViewController.swift */; };
		EBC671B81AD82FDE000F9CDD /* Main.storyboard in Resources */ = {isa = PBXBuildFile; fileRef = EBC671B61AD82FDE000F9CDD /* Main.storyboard */; };
		EBC671BA1AD82FDE000F9CDD /* Images.xcassets in Resources */ = {isa = PBXBuildFile; fileRef = EBC671B91AD82FDE000F9CDD /* Images.xcassets */; };
		EBC671BD1AD82FDE000F9CDD /* LaunchScreen.xib in Resources */ = {isa = PBXBuildFile; fileRef = EBC671BB1AD82FDE000F9CDD /* LaunchScreen.xib */; };
		EBC671C91AD82FDE000F9CDD /* SimpleTableSwiftTests.swift in Sources */ = {isa = PBXBuildFile; fileRef = EBC671C81AD82FDE000F9CDD /* SimpleTableSwiftTests.swift */; };
/* End PBXBuildFile section */

/* Begin PBXContainerItemProxy section */
		EBC671C31AD82FDE000F9CDD /* PBXContainerItemProxy */ = {
			isa = PBXContainerItemProxy;
			containerPortal = EBC671A51AD82FDE000F9CDD /* Project object */;
			proxyType = 1;
			remoteGlobalIDString = EBC671AC1AD82FDE000F9CDD;
			remoteInfo = SimpleTableSwift;
		};
/* End PBXContainerItemProxy section */

/* Begin PBXFileReference section */
		EB19D6D41AD8394800A06E9D /* addViewController.swift */ = {isa = PBXFileReference; fileEncoding = 4; lastKnownFileType = sourcecode.swift; path = addViewController.swift; sourceTree = "<group>"; };
		EB19D6D61AD83BD300A06E9D /* DataSource.swift */ = {isa = PBXFileReference; fileEncoding = 4; lastKnownFileType = sourcecode.swift; path = DataSource.swift; sourceTree = "<group>"; };
		EBC671AD1AD82FDE000F9CDD /* SimpleTableSwift.app */ = {isa = PBXFileReference; explicitFileType = wrapper.application; includeInIndex = 0; path = SimpleTableSwift.app; sourceTree = BUILT_PRODUCTS_DIR; };
		EBC671B11AD82FDE000F9CDD /* Info.plist */ = {isa = PBXFileReference; lastKnownFileType = text.plist.xml; path = Info.plist; sourceTree = "<group>"; };
		EBC671B21AD82FDE000F9CDD /* AppDelegate.swift */ = {isa = PBXFileReference; lastKnownFileType = sourcecode.swift; path = AppDelegate.swift; sourceTree = "<group>"; };
		EBC671B41AD82FDE000F9CDD /* ViewController.swift */ = {isa = PBXFileReference; lastKnownFileType = sourcecode.swift; path = ViewController.swift; sourceTree = "<group>"; };
		EBC671B71AD82FDE000F9CDD /* Base */ = {isa = PBXFileReference; lastKnownFileType = file.storyboard; name = Base; path = Base.lproj/Main.storyboard; sourceTree = "<group>"; };
		EBC671B91AD82FDE000F9CDD /* Images.xcassets */ = {isa = PBXFileReference; lastKnownFileType = folder.assetcatalog; path = Images.xcassets; sourceTree = "<group>"; };
		EBC671BC1AD82FDE000F9CDD /* Base */ = {isa = PBXFileReference; lastKnownFileType = file.xib; name = Base; path = Base.lproj/LaunchScreen.xib; sourceTree = "<group>"; };
		EBC671C21AD82FDE000F9CDD /* SimpleTableSwiftTests.xctest */ = {isa = PBXFileReference; explicitFileType = wrapper.cfbundle; includeInIndex = 0; path = SimpleTableSwiftTests.xctest; sourceTree = BUILT_PRODUCTS_DIR; };
		EBC671C71AD82FDE000F9CDD /* Info.plist */ = {isa = PBXFileReference; lastKnownFileType = text.plist.xml; path = Info.plist; sourceTree = "<group>"; };
		EBC671C81AD82FDE000F9CDD /* SimpleTableSwiftTests.swift */ = {isa = PBXFileReference; lastKnownFileType = sourcecode.swift; path = SimpleTableSwiftTests.swift; sourceTree = "<group>"; };
/* End PBXFileReference section */

/* Begin PBXFrameworksBuildPhase section */
		EBC671AA1AD82FDE000F9CDD /* Frameworks */ = {
			isa = PBXFrameworksBuildPhase;
			buildActionMask = 2147483647;
			files = (
			);
			runOnlyForDeploymentPostprocessing = 0;
		};
		EBC671BF1AD82FDE000F9CDD /* Frameworks */ = {
			isa = PBXFrameworksBuildPhase;
			buildActionMask = 2147483647;
			files = (
			);
			runOnlyForDeploymentPostprocessing = 0;
		};
/* End PBXFrameworksBuildPhase section */

/* Begin PBXGroup section */
		EBC671A41AD82FDE000F9CDD = {
			isa = PBXGroup;
			children = (
				EBC671AF1AD82FDE000F9CDD /* SimpleTableSwift */,
				EBC671C51AD82FDE000F9CDD /* SimpleTableSwiftTests */,
				EBC671AE1AD82FDE000F9CDD /* Products */,
			);
			sourceTree = "<group>";
		};
		EBC671AE1AD82FDE000F9CDD /* Products */ = {
			isa = PBXGroup;
			children = (
				EBC671AD1AD82FDE000F9CDD /* SimpleTableSwift.app */,
				EBC671C21AD82FDE000F9CDD /* SimpleTableSwiftTests.xctest */,
			);
			name = Products;
			sourceTree = "<group>";
		};
		EBC671AF1AD82FDE000F9CDD /* SimpleTableSwift */ = {
			isa = PBXGroup;
			children = (
				EBC671B21AD82FDE000F9CDD /* AppDelegate.swift */,
				EBC671B41AD82FDE000F9CDD /* ViewController.swift */,
				EB19D6D41AD8394800A06E9D /* addViewController.swift */,
				EB19D6D61AD83BD300A06E9D /* DataSource.swift */,
				EBC671B61AD82FDE000F9CDD /* Main.storyboard */,
				EBC671B91AD82FDE000F9CDD /* Images.xcassets */,
				EBC671BB1AD82FDE000F9CDD /* LaunchScreen.xib */,
				EBC671B01AD82FDE000F9CDD /* Supporting Files */,
			);
			path = SimpleTableSwift;
			sourceTree = "<group>";
		};
		EBC671B01AD82FDE000F9CDD /* Supporting Files */ = {
			isa = PBXGroup;
			children = (
				EBC671B11AD82FDE000F9CDD /* Info.plist */,
			);
			name = "Supporting Files";
			sourceTree = "<group>";
		};
		EBC671C51AD82FDE000F9CDD /* SimpleTableSwiftTests */ = {
			isa = PBXGroup;
			children = (
				EBC671C81AD82FDE000F9CDD /* SimpleTableSwiftTests.swift */,
				EBC671C61AD82FDE000F9CDD /* Supporting Files */,
			);
			path = SimpleTableSwiftTests;
			sourceTree = "<group>";
		};
		EBC671C61AD82FDE000F9CDD /* Supporting Files */ = {
			isa = PBXGroup;
			children = (
				EBC671C71AD82FDE000F9CDD /* Info.plist */,
			);
			name = "Supporting Files";
			sourceTree = "<group>";
		};
/* End PBXGroup section */

/* Begin PBXNativeTarget section */
		EBC671AC1AD82FDE000F9CDD /* SimpleTableSwift */ = {
			isa = PBXNativeTarget;
			buildConfigurationList = EBC671CC1AD82FDE000F9CDD /* Build configuration list for PBXNativeTarget "SimpleTableSwift" */;
			buildPhases = (
				EBC671A91AD82FDE000F9CDD /* Sources */,
				EBC671AA1AD82FDE000F9CDD /* Frameworks */,
				EBC671AB1AD82FDE000F9CDD /* Resources */,
			);
			buildRules = (
			);
			dependencies = (
			);
			name = SimpleTableSwift;
			productName = SimpleTableSwift;
			productReference = EBC671AD1AD82FDE000F9CDD /* SimpleTableSwift.app */;
			productType = "com.apple.product-type.application";
		};
		EBC671C11AD82FDE000F9CDD /* SimpleTableSwiftTests */ = {
			isa = PBXNativeTarget;
			buildConfigurationList = EBC671CF1AD82FDE000F9CDD /* Build configuration list for PBXNativeTarget "SimpleTableSwiftTests" */;
			buildPhases = (
				EBC671BE1AD82FDE000F9CDD /* Sources */,
				EBC671BF1AD82FDE000F9CDD /* Frameworks */,
				EBC671C01AD82FDE000F9CDD /* Resources */,
			);
			buildRules = (
			);
			dependencies = (
				EBC671C41AD82FDE000F9CDD /* PBXTargetDependency */,
			);
			name = SimpleTableSwiftTests;
			productName = SimpleTableSwiftTests;
			productReference = EBC671C21AD82FDE000F9CDD /* SimpleTableSwiftTests.xctest */;
			productType = "com.apple.product-type.bundle.unit-test";
		};
/* End PBXNativeTarget section */

/* Begin PBXProject section */
		EBC671A51AD82FDE000F9CDD /* Project object */ = {
			isa = PBXProject;
			attributes = {
				LastUpgradeCheck = 0630;
				ORGANIZATIONNAME = "Vitor Kawai Sala";
				TargetAttributes = {
					EBC671AC1AD82FDE000F9CDD = {
						CreatedOnToolsVersion = 6.3;
					};
					EBC671C11AD82FDE000F9CDD = {
						CreatedOnToolsVersion = 6.3;
						TestTargetID = EBC671AC1AD82FDE000F9CDD;
					};
				};
			};
			buildConfigurationList = EBC671A81AD82FDE000F9CDD /* Build configuration list for PBXProject "SimpleTableSwift" */;
			compatibilityVersion = "Xcode 3.2";
			developmentRegion = English;
			hasScannedForEncodings = 0;
			knownRegions = (
				en,
				Base,
			);
			mainGroup = EBC671A41AD82FDE000F9CDD;
			productRefGroup = EBC671AE1AD82FDE000F9CDD /* Products */;
			projectDirPath = "";
			projectRoot = "";
			targets = (
				EBC671AC1AD82FDE000F9CDD /* SimpleTableSwift */,
				EBC671C11AD82FDE000F9CDD /* SimpleTableSwiftTests */,
			);
		};
/* End PBXProject section */

/* Begin PBXResourcesBuildPhase section */
		EBC671AB1AD82FDE000F9CDD /* Resources */ = {
			isa = PBXResourcesBuildPhase;
			buildActionMask = 2147483647;
			files = (
				EBC671B81AD82FDE000F9CDD /* Main.storyboard in Resources */,
				EBC671BD1AD82FDE000F9CDD /* LaunchScreen.xib in Resources */,
				EBC671BA1AD82FDE000F9CDD /* Images.xcassets in Resources */,
			);
			runOnlyForDeploymentPostprocessing = 0;
		};
		EBC671C01AD82FDE000F9CDD /* Resources */ = {
			isa = PBXResourcesBuildPhase;
			buildActionMask = 2147483647;
			files = (
			);
			runOnlyForDeploymentPostprocessing = 0;
		};
/* End PBXResourcesBuildPhase section */

/* Begin PBXSourcesBuildPhase section */
		EBC671A91AD82FDE000F9CDD /* Sources */ = {
			isa = PBXSourcesBuildPhase;
			buildActionMask = 2147483647;
			files = (
				EBC671B51AD82FDE000F9CDD /* ViewController.swift in Sources */,
				EB19D6D51AD8394800A06E9D /* addViewController.swift in Sources */,
				EB19D6D71AD83BD300A06E9D /* DataSource.swift in Sources */,
				EBC671B31AD82FDE000F9CDD /* AppDelegate.swift in Sources */,
			);
			runOnlyForDeploymentPostprocessing = 0;
		};
		EBC671BE1AD82FDE000F9CDD /* Sources */ = {
			isa = PBXSourcesBuildPhase;
			buildActionMask = 2147483647;
			files = (
				EBC671C91AD82FDE000F9CDD /* SimpleTableSwiftTests.swift in Sources */,
			);
			runOnlyForDeploymentPostprocessing = 0;
		};
/* End PBXSourcesBuildPhase section */

/* Begin PBXTargetDependency section */
		EBC671C41AD82FDE000F9CDD /* PBXTargetDependency */ = {
			isa = PBXTargetDependency;
			target = EBC671AC1AD82FDE000F9CDD /* SimpleTableSwift */;
			targetProxy = EBC671C31AD82FDE000F9CDD /* PBXContainerItemProxy */;
		};
/* End PBXTargetDependency section */

/* Begin PBXVariantGroup section */
		EBC671B61AD82FDE000F9CDD /* Main.storyboard */ = {
			isa = PBXVariantGroup;
			children = (
				EBC671B71AD82FDE000F9CDD /* Base */,
			);
			name = Main.storyboard;
			sourceTree = "<group>";
		};
		EBC671BB1AD82FDE000F9CDD /* LaunchScreen.xib */ = {
			isa = PBXVariantGroup;
			children = (
				EBC671BC1AD82FDE000F9CDD /* Base */,
			);
			name = LaunchScreen.xib;
			sourceTree = "<group>";
		};
/* End PBXVariantGroup section */

/* Begin XCBuildConfiguration section */
		EBC671CA1AD82FDE000F9CDD /* Debug */ = {
			isa = XCBuildConfiguration;
			buildSettings = {
				ALWAYS_SEARCH_USER_PATHS = NO;
				CLANG_CXX_LANGUAGE_STANDARD = "gnu++0x";
				CLANG_CXX_LIBRARY = "libc++";
				CLANG_ENABLE_MODULES = YES;
				CLANG_ENABLE_OBJC_ARC = YES;
				CLANG_WARN_BOOL_CONVERSION = YES;
				CLANG_WARN_CONSTANT_CONVERSION = YES;
				CLANG_WARN_DIRECT_OBJC_ISA_USAGE = YES_ERROR;
				CLANG_WARN_EMPTY_BODY = YES;
				CLANG_WARN_ENUM_CONVERSION = YES;
				CLANG_WARN_INT_CONVERSION = YES;
				CLANG_WARN_OBJC_ROOT_CLASS = YES_ERROR;
				CLANG_WARN_UNREACHABLE_CODE = YES;
				CLANG_WARN__DUPLICATE_METHOD_MATCH = YES;
				"CODE_SIGN_IDENTITY[sdk=iphoneos*]" = "iPhone Developer";
				COPY_PHASE_STRIP = NO;
				DEBUG_INFORMATION_FORMAT = "dwarf-with-dsym";
				ENABLE_STRICT_OBJC_MSGSEND = YES;
				GCC_C_LANGUAGE_STANDARD = gnu99;
				GCC_DYNAMIC_NO_PIC = NO;
				GCC_NO_COMMON_BLOCKS = YES;
				GCC_OPTIMIZATION_LEVEL = 0;
				GCC_PREPROCESSOR_DEFINITIONS = (
					"DEBUG=1",
					"$(inherited)",
				);
				GCC_SYMBOLS_PRIVATE_EXTERN = NO;
				GCC_WARN_64_TO_32_BIT_CONVERSION = YES;
				GCC_WARN_ABOUT_RETURN_TYPE = YES_ERROR;
				GCC_WARN_UNDECLARED_SELECTOR = YES;
				GCC_WARN_UNINITIALIZED_AUTOS = YES_AGGRESSIVE;
				GCC_WARN_UNUSED_FUNCTION = YES;
				GCC_WARN_UNUSED_VARIABLE = YES;
				IPHONEOS_DEPLOYMENT_TARGET = 8.3;
				MTL_ENABLE_DEBUG_INFO = YES;
				ONLY_ACTIVE_ARCH = YES;
				SDKROOT = iphoneos;
				SWIFT_OPTIMIZATION_LEVEL = "-Onone";
				TARGETED_DEVICE_FAMILY = "1,2";
			};
			name = Debug;
		};
		EBC671CB1AD82FDE000F9CDD /* Release */ = {
			isa = XCBuildConfiguration;
			buildSettings = {
				ALWAYS_SEARCH_USER_PATHS = NO;
				CLANG_CXX_LANGUAGE_STANDARD = "gnu++0x";
				CLANG_CXX_LIBRARY = "libc++";
				CLANG_ENABLE_MODULES = YES;
				CLANG_ENABLE_OBJC_ARC = YES;
				CLANG_WARN_BOOL_CONVERSION = YES;
				CLANG_WARN_CONSTANT_CONVERSION = YES;
				CLANG_WARN_DIRECT_OBJC_ISA_USAGE = YES_ERROR;
				CLANG_WARN_EMPTY_BODY = YES;
				CLANG_WARN_ENUM_CONVERSION = YES;
				CLANG_WARN_INT_CONVERSION = YES;
				CLANG_WARN_OBJC_ROOT_CLASS = YES_ERROR;
				CLANG_WARN_UNREACHABLE_CODE = YES;
				CLANG_WARN__DUPLICATE_METHOD_MATCH = YES;
				"CODE_SIGN_IDENTITY[sdk=iphoneos*]" = "iPhone Developer";
				COPY_PHASE_STRIP = NO;
				DEBUG_INFORMATION_FORMAT = "dwarf-with-dsym";
				ENABLE_NS_ASSERTIONS = NO;
				ENABLE_STRICT_OBJC_MSGSEND = YES;
				GCC_C_LANGUAGE_STANDARD = gnu99;
				GCC_NO_COMMON_BLOCKS = YES;
				GCC_WARN_64_TO_32_BIT_CONVERSION = YES;
				GCC_WARN_ABOUT_RETURN_TYPE = YES_ERROR;
				GCC_WARN_UNDECLARED_SELECTOR = YES;
				GCC_WARN_UNINITIALIZED_AUTOS = YES_AGGRESSIVE;
				GCC_WARN_UNUSED_FUNCTION = YES;
				GCC_WARN_UNUSED_VARIABLE = YES;
				IPHONEOS_DEPLOYMENT_TARGET = 8.3;
				MTL_ENABLE_DEBUG_INFO = NO;
				SDKROOT = iphoneos;
				TARGETED_DEVICE_FAMILY = "1,2";
				VALIDATE_PRODUCT = YES;
			};
			name = Release;
		};
		EBC671CD1AD82FDE000F9CDD /* Debug */ = {
			isa = XCBuildConfiguration;
			buildSettings = {
				ASSETCATALOG_COMPILER_APPICON_NAME = AppIcon;
				INFOPLIST_FILE = SimpleTableSwift/Info.plist;
				LD_RUNPATH_SEARCH_PATHS = "$(inherited) @executable_path/Frameworks";
				PRODUCT_NAME = "$(TARGET_NAME)";
			};
			name = Debug;
		};
		EBC671CE1AD82FDE000F9CDD /* Release */ = {
			isa = XCBuildConfiguration;
			buildSettings = {
				ASSETCATALOG_COMPILER_APPICON_NAME = AppIcon;
				INFOPLIST_FILE = SimpleTableSwift/Info.plist;
				LD_RUNPATH_SEARCH_PATHS = "$(inherited) @executable_path/Frameworks";
				PRODUCT_NAME = "$(TARGET_NAME)";
			};
			name = Release;
		};
		EBC671D01AD82FDE000F9CDD /* Debug */ = {
			isa = XCBuildConfiguration;
			buildSettings = {
				BUNDLE_LOADER = "$(TEST_HOST)";
				FRAMEWORK_SEARCH_PATHS = (
					"$(SDKROOT)/Developer/Library/Frameworks",
					"$(inherited)",
				);
				GCC_PREPROCESSOR_DEFINITIONS = (
					"DEBUG=1",
					"$(inherited)",
				);
				INFOPLIST_FILE = SimpleTableSwiftTests/Info.plist;
				LD_RUNPATH_SEARCH_PATHS = "$(inherited) @executable_path/Frameworks @loader_path/Frameworks";
				PRODUCT_NAME = "$(TARGET_NAME)";
				TEST_HOST = "$(BUILT_PRODUCTS_DIR)/SimpleTableSwift.app/SimpleTableSwift";
			};
			name = Debug;
		};
		EBC671D11AD82FDE000F9CDD /* Release */ = {
			isa = XCBuildConfiguration;
			buildSettings = {
				BUNDLE_LOADER = "$(TEST_HOST)";
				FRAMEWORK_SEARCH_PATHS = (
					"$(SDKROOT)/Developer/Library/Frameworks",
					"$(inherited)",
				);
				INFOPLIST_FILE = SimpleTableSwiftTests/Info.plist;
				LD_RUNPATH_SEARCH_PATHS = "$(inherited) @executable_path/Frameworks @loader_path/Frameworks";
				PRODUCT_NAME = "$(TARGET_NAME)";
				TEST_HOST = "$(BUILT_PRODUCTS_DIR)/SimpleTableSwift.app/SimpleTableSwift";
			};
			name = Release;
		};
/* End XCBuildConfiguration section */

/* Begin XCConfigurationList section */
		EBC671A81AD82FDE000F9CDD /* Build configuration list for PBXProject "SimpleTableSwift" */ = {
			isa = XCConfigurationList;
			buildConfigurations = (
				EBC671CA1AD82FDE000F9CDD /* Debug */,
				EBC671CB1AD82FDE000F9CDD /* Release */,
			);
			defaultConfigurationIsVisible = 0;
			defaultConfigurationName = Release;
		};
		EBC671CC1AD82FDE000F9CDD /* Build configuration list for PBXNativeTarget "SimpleTableSwift" */ = {
			isa = XCConfigurationList;
			buildConfigurations = (
				EBC671CD1AD82FDE000F9CDD /* Debug */,
				EBC671CE1AD82FDE000F9CDD /* Release */,
			);
			defaultConfigurationIsVisible = 0;
			defaultConfigurationName = Release;
		};
		EBC671CF1AD82FDE000F9CDD /* Build configuration list for PBXNativeTarget "SimpleTableSwiftTests" */ = {
			isa = XCConfigurationList;
			buildConfigurations = (
				EBC671D01AD82FDE000F9CDD /* Debug */,
				EBC671D11AD82FDE000F9CDD /* Release */,
			);
			defaultConfigurationIsVisible = 0;
			defaultConfigurationName = Release;
		};
/* End XCConfigurationList section */
	};
	rootObject = EBC671A51AD82FDE000F9CDD /* Project object */;
}
